github.com/tinywasm/context v0.0.18 h1:uKeiAFo6L/PikGSbUu+xcyELGoa4kXomDNwJOlhxrUE=
github.com/tinywasm/context v0.0.18/go.mod h1:3AHZHMiiVZljEGNuYMaLM2OXdZ3bXjoMCmqx3sEGXsA=
github.com/tinywasm/ddlc v0.0.4 h1:T53rv8xdlmBt3GA834pay4ZnK0NVP/6WuKYrzw/0/OM=
github.com/tinywasm/ddlc v0.0.4/go.mod h1:DXTFES2Mt3QcxYp0sZ6YrMXxOkK7vRVCoukFgyt+Mro=
github.com/tinywasm/fetch v0.1.24 h1:UynB2NPPgYrwcRx6ZujkRUTlfUUkNs60J0O63/1FmAs=
github.com/tinywasm/fetch v0.1.24/go.mod h1:Hx9bkdjC5fcf++EWjHKUzEn2OZpUbfoXNQV8tbdC5SI=
github.com/tinywasm/fmt v0.25.3 h1:CkyjeKvSFM8BxRWleb4gaPak8Fe+VKPWvnW0UU7KvQE=
github.com/tinywasm/fmt v0.25.3/go.mod h1:L2GCAi6asgytPV6TVvGrRq5Ml+DkUt1Ijo5i/2J1jOY=
github.com/tinywasm/json v0.5.11 h1:hG8RYmwtbxs4pC/i3EgQgsWe2C42LhUSA3i+YzPt818=
github.com/tinywasm/json v0.5.11/go.mod h1:6UeL7bWypYLIWsF12pOOwpYJci8YmW02+d85dShStL8=
github.com/tinywasm/mcp v0.1.22 h1:0LUy/+RN14/PAAyBxMBEmkVaIF/3w/JUP5knk71SWh4=
github.com/tinywasm/mcp v0.1.22/go.mod h1:GYN5SfUgKztQfF0SMpU9RBdzKVhQ8q7uhS54FLhw3OM=
github.com/tinywasm/model v0.0.15 h1:EpDMgfTq83PzSBVkDU2Ug6B1XRvsk0Ki+scJSf9chfU=
github.com/tinywasm/model v0.0.15/go.mod h1:wkYZLW6CWVrlx5TiLEBL71KgDxhjUcFtY3KXZKpkCXA=
github.com/tinywasm/orm v0.9.28 h1:/VhIq7rfkwY7N9VrSZsYNlLQm7PSi0jmudzix2ut8Os=
github.com/tinywasm/orm v0.9.28/go.mod h1:EJvLFeMXmdV+i0q6pFycYjhivun+5gHkhPjWu9UM2OQ=
github.com/tinywasm/router v0.1.11 h1:oXNXzg9tTdtCFbJTmzGXv3oIksDvlsUkNb55US8XVHg=
github.com/tinywasm/router v0.1.11/go.mod h1:HM/9YKk0c8JKdPPCNLVGVpB48k6vXfhl2Q9C+tVujSo=
github.com/tinywasm/time v0.5.0 h1:M17DNgKrMYfkCK42V6miL9AcwfN/FHghbKOSTXJrkMo=
github.com/tinywasm/time v0.5.0/go.mod h1:vxGAkKA40im4ObiTS6hcsJYiIsVVLSz/A63JC/+TwvA=
github.com/tinywasm/unixid v0.2.23 h1:Lp/TER0RwbaT7EcHbQNzXj9LOGA2VD8rC8XLYmxJBc0=
github.com/tinywasm/unixid v0.2.23/go.mod h1:5KPbI26CrW8S7rgMS46gqlLKTYPno3QH49GSB5NSLMU=
